
Microsoft Visual Studio Solution File, Format Version 12.00
# Visual Studio Version 16
VisualStudioVersion = 16.0.31025.194
MinimumVisualStudioVersion = 10.0.40219.1
Project("{FAE04EC0-301F-11D3-BF4B-00C04F79EFBC}") = "MI.AriBilgi.UI", "MI.AriBilgi.UI\MI.AriBilgi.UI.csproj", "{9212B1B8-800F-4E36-800F-BE55AD0D44ED}"
EndProject
Project("{FAE04EC0-301F-11D3-BF4B-00C04F79EFBC}") = "MI.AriBilgi.BLL", "MI.AriBilgi.BLL\MI.AriBilgi.BLL.csproj", "{889DB616-423D-4590-871F-73D6BD93B2CA}"
EndProject
Project("{FAE04EC0-301F-11D3-BF4B-00C04F79EFBC}") = "MI.AriBilgi.DLL", "MI.AriBilgi.DLL\MI.AriBilgi.DLL.csproj", "{A45D8A74-846B-4B46-8952-8A7657CC8EBB}"
EndProject
Global
	GlobalSection(SolutionConfigurationPlatforms) = preSolution
		Debug|Any CPU = Debug|Any CPU
		Release|Any CPU = Release|Any CPU
	EndGlobalSection
	GlobalSection(ProjectConfigurationPlatforms) = postSolution
		{9212B1B8-800F-4E36-800F-BE55AD0D44ED}.Debug|Any CPU.ActiveCfg = Debug|Any CPU
		{9212B1B8-800F-4E36-800F-BE55AD0D44ED}.Debug|Any CPU.Build.0 = Debug|Any CPU
		{9212B1B8-800F-4E36-800F-BE55AD0D44ED}.Release|Any CPU.ActiveCfg = Release|Any CPU
		{9212B1B8-800F-4E36-800F-BE55AD0D44ED}.Release|Any CPU.Build.0 = Release|Any CPU
		{889DB616-423D-4590-871F-73D6BD93B2CA}.Debug|Any CPU.ActiveCfg = Debug|Any CPU
		{889DB616-423D-4590-871F-73D6BD93B2CA}.Debug|Any CPU.Build.0 = Debug|Any CPU
		{889DB616-423D-4590-871F-73D6BD93B2CA}.Release|Any CPU.ActiveCfg = Release|Any CPU
		{889DB616-423D-4590-871F-73D6BD93B2CA}.Release|Any CPU.Build.0 = Release|Any CPU
		{A45D8A74-846B-4B46-8952-8A7657CC8EBB}.Debug|Any CPU.ActiveCfg = Debug|Any CPU
		{A45D8A74-846B-4B46-8952-8A7657CC8EBB}.Debug|Any CPU.Build.0 = Debug|Any CPU
		{A45D8A74-846B-4B46-8952-8A7657CC8EBB}.Release|Any CPU.ActiveCfg = Release|Any CPU
		{A45D8A74-846B-4B46-8952-8A7657CC8EBB}.Release|Any CPU.Build.0 = Release|Any CPU
	EndGlobalSection
	GlobalSection(SolutionProperties) = preSolution
		HideSolutionNode = FALSE
	EndGlobalSection
	GlobalSection(ExtensibilityGlobals) = postSolution
		SolutionGuid = {B546B15A-B8AD-4482-A9CA-E114127F87C5}
	EndGlobalSection
EndGlobal
